// !$*UTF8*$!
{
	archiveVersion = 1;
	classes = {
	};
	objectVersion = 50;
	objects = {

/* Begin PBXBuildFile section */
		2478950424B9307A00217E40 /* AppDelegate.swift in Sources */ = {isa = PBXBuildFile; fileRef = 2478950324B9307A00217E40 /* AppDelegate.swift */; };
		2478950624B9307A00217E40 /* SceneDelegate.swift in Sources */ = {isa = PBXBuildFile; fileRef = 2478950524B9307A00217E40 /* SceneDelegate.swift */; };
		2478950824B9307A00217E40 /* ContentView.swift in Sources */ = {isa = PBXBuildFile; fileRef = 2478950724B9307A00217E40 /* ContentView.swift */; };
		2478950A24B9307C00217E40 /* Assets.xcassets in Resources */ = {isa = PBXBuildFile; fileRef = 2478950924B9307C00217E40 /* Assets.xcassets */; };
		2478950D24B9307C00217E40 /* Preview Assets.xcassets in Resources */ = {isa = PBXBuildFile; fileRef = 2478950C24B9307C00217E40 /* Preview Assets.xcassets */; };
		2478951024B9307C00217E40 /* LaunchScreen.storyboard in Resources */ = {isa = PBXBuildFile; fileRef = 2478950E24B9307C00217E40 /* LaunchScreen.storyboard */; };
/* End PBXBuildFile section */

/* Begin PBXFileReference section */
		2478950024B9307A00217E40 /* CoreMotionNakedSample.app */ = {isa = PBXFileReference; explicitFileType = wrapper.application; includeInIndex = 0; path = CoreMotionNakedSample.app; sourceTree = BUILT_PRODUCTS_DIR; };
		2478950324B9307A00217E40 /* AppDelegate.swift */ = {isa = PBXFileReference; lastKnownFileType = sourcecode.swift; path = AppDelegate.swift; sourceTree = "<group>"; };
		2478950524B9307A00217E40 /* SceneDelegate.swift */ = {isa = PBXFileReference; lastKnownFileType = sourcecode.swift; path = SceneDelegate.swift; sourceTree = "<group>"; };
		2478950724B9307A00217E40 /* ContentView.swift */ = {isa = PBXFileReference; lastKnownFileType = sourcecode.swift; path = ContentView.swift; sourceTree = "<group>"; };
		2478950924B9307C00217E40 /* Assets.xcassets */ = {isa = PBXFileReference; lastKnownFileType = folder.assetcatalog; path = Assets.xcassets; sourceTree = "<group>"; };
		2478950C24B9307C00217E40 /* Preview Assets.xcassets */ = {isa = PBXFileReference; lastKnownFileType = folder.assetcatalog; path = "Preview Assets.xcassets"; sourceTree = "<group>"; };
		2478950F24B9307C00217E40 /* Base */ = {isa = PBXFileReference; lastKnownFileType = file.storyboard; name = Base; path = Base.lproj/LaunchScreen.storyboard; sourceTree = "<group>"; };
		2478951124B9307C00217E40 /* Info.plist */ = {isa = PBXFileReference; lastKnownFileType = text.plist.xml; path = Info.plist; sourceTree = "<group>"; };
/* End PBXFileReference section */

/* Begin PBXFrameworksBuildPhase section */
		247894FD24B9307A00217E40 /* Frameworks */ = {
			isa = PBXFrameworksBuildPhase;
			buildActionMask = 2147483647;
			files = (
			);
			runOnlyForDeploymentPostprocessing = 0;
		};
/* End PBXFrameworksBuildPhase section */

/* Begin PBXGroup section */
		247894F724B9307A00217E40 = {
			isa = PBXGroup;
			children = (
				2478950224B9307A00217E40 /* CoreMotionNakedSample */,
				2478950124B9307A00217E40 /* Products */,
			);
			sourceTree = "<group>";
		};
		2478950124B9307A00217E40 /* Products */ = {
			isa = PBXGroup;
			children = (
				2478950024B9307A00217E40 /* CoreMotionNakedSample.app */,
			);
			name = Products;
			sourceTree = "<group>";
		};
		2478950224B9307A00217E40 /* CoreMotionNakedSample */ = {
			isa = PBXGroup;
			children = (
				2478950324B9307A00217E40 /* AppDelegate.swift */,
				2478950524B9307A00217E40 /* SceneDelegate.swift */,
				2478950724B9307A00217E40 /* ContentView.swift */,
				2478950924B9307C00217E40 /* Assets.xcassets */,
				2478950E24B9307C00217E40 /* LaunchScreen.storyboard */,
				2478951124B9307C00217E40 /* Info.plist */,
				2478950B24B9307C00217E40 /* Preview Content */,
			);
			path = CoreMotionNakedSample;
			sourceTree = "<group>";
		};
		2478950B24B9307C00217E40 /* Preview Content */ = {
			isa = PBXGroup;
			children = (
				2478950C24B9307C00217E40 /* Preview Assets.xcassets */,
			);
			path = "Preview Content";
			sourceTree = "<group>";
		};
/* End PBXGroup section */

/* Begin PBXNativeTarget section */
		247894FF24B9307A00217E40 /* CoreMotionNakedSample */ = {
			isa = PBXNativeTarget;
			buildConfigurationList = 2478951424B9307C00217E40 /* Build configuration list for PBXNativeTarget "CoreMotionNakedSample" */;
			buildPhases = (
				247894FC24B9307A00217E40 /* Sources */,
				247894FD24B9307A00217E40 /* Frameworks */,
				247894FE24B9307A00217E40 /* Resources */,
			);
			buildRules = (
			);
			dependencies = (
			);
			name = CoreMotionNakedSample;
			productName = CoreMotionNakedSample;
			productReference = 2478950024B9307A00217E40 /* CoreMotionNakedSample.app */;
			productType = "com.apple.product-type.application";
		};
/* End PBXNativeTarget section */

/* Begin PBXProject section */
		247894F824B9307A00217E40 /* Project object */ = {
			isa = PBXProject;
			attributes = {
				LastSwiftUpdateCheck = 1150;
				LastUpgradeCheck = 1150;
				ORGANIZATIONNAME = yukinobu.imai;
				TargetAttributes = {
					247894FF24B9307A00217E40 = {
						CreatedOnToolsVersion = 11.5;
					};
				};
			};
			buildConfigurationList = 247894FB24B9307A00217E40 /* Build configuration list for PBXProject "CoreMotionNakedSample" */;
			compatibilityVersion = "Xcode 9.3";
			developmentRegion = en;
			hasScannedForEncodings = 0;
			knownRegions = (
				en,
				Base,
			);
			mainGroup = 247894F724B9307A00217E40;
			productRefGroup = 2478950124B9307A00217E40 /* Products */;
			projectDirPath = "";
			projectRoot = "";
			targets = (
				247894FF24B9307A00217E40 /* CoreMotionNakedSample */,
			);
		};
/* End PBXProject section */

/* Begin PBXResourcesBuildPhase section */
		247894FE24B9307A00217E40 /* Resources */ = {
			isa = PBXResourcesBuildPhase;
			buildActionMask = 2147483647;
			files = (
				2478951024B9307C00217E40 /* LaunchScreen.storyboard in Resources */,
				2478950D24B9307C00217E40 /* Preview Assets.xcassets in Resources */,
				2478950A24B9307C00217E40 /* Assets.xcassets in Resources */,
			);
			runOnlyForDeploymentPostprocessing = 0;
		};
/* End PBXResourcesBuildPhase section */

/* Begin PBXSourcesBuildPhase section */
		247894FC24B9307A00217E40 /* Sources */ = {
			isa = PBXSourcesBuildPhase;
			buildActionMask = 2147483647;
			files = (
				2478950424B9307A00217E40 /* AppDelegate.swift in Sources */,
				2478950624B9307A00217E40 /* SceneDelegate.swift in Sources */,
				2478950824B9307A00217E40 /* ContentView.swift in Sources */,
			);
			runOnlyForDeploymentPostprocessing = 0;
		};
/* End PBXSourcesBuildPhase section */

/* Begin PBXVariantGroup section */
		2478950E24B9307C00217E40 /* LaunchScreen.storyboard */ = {
			isa = PBXVariantGroup;
			children = (
				2478950F24B9307C00217E40 /* Base */,
			);
			name = LaunchScreen.storyboard;
			sourceTree = "<group>";
		};
/* End PBXVariantGroup section */

/* Begin XCBuildConfiguration section */
		2478951224B9307C00217E40 /* Debug */ = {
			isa = XCBuildConfiguration;
			buildSettings = {
				ALWAYS_SEARCH_USER_PATHS = NO;
				CLANG_ANALYZER_NONNULL = YES;
				CLANG_ANALYZER_NUMBER_OBJECT_CONVERSION = YES_AGGRESSIVE;
				CLANG_CXX_LANGUAGE_STANDARD = "gnu++14";
				CLANG_CXX_LIBRARY = "libc++";
				CLANG_ENABLE_MODULES = YES;
				CLANG_ENABLE_OBJC_ARC = YES;
				CLANG_ENABLE_OBJC_WEAK = YES;
				CLANG_WARN_BLOCK_CAPTURE_AUTORELEASING = YES;
				CLANG_WARN_BOOL_CONVERSION = YES;
				CLANG_WARN_COMMA = YES;
				CLANG_WARN_CONSTANT_CONVERSION = YES;
				CLANG_WARN_DEPRECATED_OBJC_IMPLEMENTATIONS = YES;
				CLANG_WARN_DIRECT_OBJC_ISA_USAGE = YES_ERROR;
				CLANG_WARN_DOCUMENTATION_COMMENTS = YES;
				CLANG_WARN_EMPTY_BODY = YES;
				CLANG_WARN_ENUM_CONVERSION = YES;
				CLANG_WARN_INFINITE_RECURSION = YES;
				CLANG_WARN_INT_CONVERSION = YES;
				CLANG_WARN_NON_LITERAL_NULL_CONVERSION = YES;
				CLANG_WARN_OBJC_IMPLICIT_RETAIN_SELF = YES;
				CLANG_WARN_OBJC_LITERAL_CONVERSION = YES;
				CLANG_WARN_OBJC_ROOT_CLASS = YES_ERROR;
				CLANG_WARN_RANGE_LOOP_ANALYSIS = YES;
				CLANG_WARN_STRICT_PROTOTYPES = YES;
				CLANG_WARN_SUSPICIOUS_MOVE = YES;
				CLANG_WARN_UNGUARDED_AVAILABILITY = YES_AGGRESSIVE;
				CLANG_WARN_UNREACHABLE_CODE = YES;
				CLANG_WARN__DUPLICATE_METHOD_MATCH = YES;
				COPY_PHASE_STRIP = NO;
				DEBUG_INFORMATION_FORMAT = dwarf;
				ENABLE_STRICT_OBJC_MSGSEND = YES;
				ENABLE_TESTABILITY = YES;
				GCC_C_LANGUAGE_STANDARD = gnu11;
				GCC_DYNAMIC_NO_PIC = NO;
				GCC_NO_COMMON_BLOCKS = YES;
				GCC_OPTIMIZATION_LEVEL = 0;
				GCC_PREPROCESSOR_DEFINITIONS = (
					"DEBUG=1",
					"$(inherited)",
				);
				GCC_WARN_64_TO_32_BIT_CONVERSION = YES;
				GCC_WARN_ABOUT_RETURN_TYPE = YES_ERROR;
				GCC_WARN_UNDECLARED_SELECTOR = YES;
				GCC_WARN_UNINITIALIZED_AUTOS = YES_AGGRESSIVE;
				GCC_WARN_UNUSED_FUNCTION = YES;
				GCC_WARN_UNUSED_VARIABLE = YES;
				IPHONEOS_DEPLOYMENT_TARGET = 13.5;
				MTL_ENABLE_DEBUG_INFO = INCLUDE_SOURCE;
				MTL_FAST_MATH = YES;
				ONLY_ACTIVE_ARCH = YES;
				SDKROOT = iphoneos;
				SWIFT_ACTIVE_COMPILATION_CONDITIONS = DEBUG;
				SWIFT_OPTIMIZATION_LEVEL = "-Onone";
			};
			name = Debug;
		};
		2478951324B9307C00217E40 /* Release */ = {
			isa = XCBuildConfiguration;
			buildSettings = {
				ALWAYS_SEARCH_USER_PATHS = NO;
				CLANG_ANALYZER_NONNULL = YES;
				CLANG_ANALYZER_NUMBER_OBJECT_CONVERSION = YES_AGGRESSIVE;
				CLANG_CXX_LANGUAGE_STANDARD = "gnu++14";
				CLANG_CXX_LIBRARY = "libc++";
				CLANG_ENABLE_MODULES = YES;
				CLANG_ENABLE_OBJC_ARC = YES;
				CLANG_ENABLE_OBJC_WEAK = YES;
				CLANG_WARN_BLOCK_CAPTURE_AUTORELEASING = YES;
				CLANG_WARN_BOOL_CONVERSION = YES;
				CLANG_WARN_COMMA = YES;
				CLANG_WARN_CONSTANT_CONVERSION = YES;
				CLANG_WARN_DEPRECATED_OBJC_IMPLEMENTATIONS = YES;
				CLANG_WARN_DIRECT_OBJC_ISA_USAGE = YES_ERROR;
				CLANG_WARN_DOCUMENTATION_COMMENTS = YES;
				CLANG_WARN_EMPTY_BODY = YES;
				CLANG_WARN_ENUM_CONVERSION = YES;
				CLANG_WARN_INFINITE_RECURSION = YES;
				CLANG_WARN_INT_CONVERSION = YES;
				CLANG_WARN_NON_LITERAL_NULL_CONVERSION = YES;
				CLANG_WARN_OBJC_IMPLICIT_RETAIN_SELF = YES;
				CLANG_WARN_OBJC_LITERAL_CONVERSION = YES;
				CLANG_WARN_OBJC_ROOT_CLASS = YES_ERROR;
				CLANG_WARN_RANGE_LOOP_ANALYSIS = YES;
				CLANG_WARN_STRICT_PROTOTYPES = YES;
				CLANG_WARN_SUSPICIOUS_MOVE = YES;
				CLANG_WARN_UNGUARDED_AVAILABILITY = YES_AGGRESSIVE;
				CLANG_WARN_UNREACHABLE_CODE = YES;
				CLANG_WARN__DUPLICATE_METHOD_MATCH = YES;
				COPY_PHASE_STRIP = NO;
				DEBUG_INFORMATION_FORMAT = "dwarf-with-dsym";
				ENABLE_NS_ASSERTIONS = NO;
				ENABLE_STRICT_OBJC_MSGSEND = YES;
				GCC_C_LANGUAGE_STANDARD = gnu11;
				GCC_NO_COMMON_BLOCKS = YES;
				GCC_WARN_64_TO_32_BIT_CONVERSION = YES;
				GCC_WARN_ABOUT_RETURN_TYPE = YES_ERROR;
				GCC_WARN_UNDECLARED_SELECTOR = YES;
				GCC_WARN_UNINITIALIZED_AUTOS = YES_AGGRESSIVE;
				GCC_WARN_UNUSED_FUNCTION = YES;
				GCC_WARN_UNUSED_VARIABLE = YES;
				IPHONEOS_DEPLOYMENT_TARGET = 13.5;
				MTL_ENABLE_DEBUG_INFO = NO;
				MTL_FAST_MATH = YES;
				SDKROOT = iphoneos;
				SWIFT_COMPILATION_MODE = wholemodule;
				SWIFT_OPTIMIZATION_LEVEL = "-O";
				VALIDATE_PRODUCT = YES;
			};
			name = Release;
		};
		2478951524B9307C00217E40 /* Debug */ = {
			isa = XCBuildConfiguration;
			buildSettings = {
				ASSETCATALOG_COMPILER_APPICON_NAME = AppIcon;
				CODE_SIGN_STYLE = Automatic;
				DEVELOPMENT_ASSET_PATHS = "\"CoreMotionNakedSample/Preview Content\"";
				DEVELOPMENT_TEAM = S54AXPY6Z2;
				ENABLE_PREVIEWS = YES;
				INFOPLIST_FILE = CoreMotionNakedSample/Info.plist;
				LD_RUNPATH_SEARCH_PATHS = (
					"$(inherited)",
					"@executable_path/Frameworks",
				);
				PRODUCT_BUNDLE_IDENTIFIER = net.yukblog.CoreMotionNakedSample.CoreMotionNakedSample;
				PRODUCT_NAME = "$(TARGET_NAME)";
				SWIFT_VERSION = 5.0;
				TARGETED_DEVICE_FAMILY = "1,2";
			};
			name = Debug;
		};
		2478951624B9307C00217E40 /* Release */ = {
			isa = XCBuildConfiguration;
			buildSettings = {
				ASSETCATALOG_COMPILER_APPICON_NAME = AppIcon;
				CODE_SIGN_STYLE = Automatic;
				DEVELOPMENT_ASSET_PATHS = "\"CoreMotionNakedSample/Preview Content\"";
				DEVELOPMENT_TEAM = S54AXPY6Z2;
				ENABLE_PREVIEWS = YES;
				INFOPLIST_FILE = CoreMotionNakedSample/Info.plist;
				LD_RUNPATH_SEARCH_PATHS = (
					"$(inherited)",
					"@executable_path/Frameworks",
				);
				PRODUCT_BUNDLE_IDENTIFIER = net.yukblog.CoreMotionNakedSample.CoreMotionNakedSample;
				PRODUCT_NAME = "$(TARGET_NAME)";
				SWIFT_VERSION = 5.0;
				TARGETED_DEVICE_FAMILY = "1,2";
			};
			name = Release;
		};
/* End XCBuildConfiguration section */

/* Begin XCConfigurationList section */
		247894FB24B9307A00217E40 /* Build configuration list for PBXProject "CoreMotionNakedSample" */ = {
			isa = XCConfigurationList;
			buildConfigurations = (
				2478951224B9307C00217E40 /* Debug */,
				2478951324B9307C00217E40 /* Release */,
			);
			defaultConfigurationIsVisible = 0;
			defaultConfigurationName = Release;
		};
		2478951424B9307C00217E40 /* Build configuration list for PBXNativeTarget "CoreMotionNakedSample" */ = {
			isa = XCConfigurationList;
			buildConfigurations = (
				2478951524B9307C00217E40 /* Debug */,
				2478951624B9307C00217E40 /* Release */,
			);
			defaultConfigurationIsVisible = 0;
			defaultConfigurationName = Release;
		};
/* End XCConfigurationList section */
	};
	rootObject = 247894F824B9307A00217E40 /* Project object */;
}
